{
  "name": "week4.1",
  "version": "1.0.0",
  "lockfileVersion": 3,
  "requires": true,
  "packages": {
    "": {
      "name": "week4.1",
      "version": "1.0.0",
      "license": "ISC",
      "dependencies": {
        "commmander": "^0.0.1-security"
      }
    },
    "node_modules/commmander": {
      "version": "0.0.1-security",
      "resolved": "https://registry.npmjs.org/commmander/-/commmander-0.0.1-security.tgz",
      "integrity": "sha512-yo4CK1aX6cxiyQ2yWIClJwukKXRcc3cQdUiCsmyKoAkFj+my7Pp/MKsKJHk04PzheYp3Pde5Wg0toBdMUCEj/w=="
    }
  }
}
