{
  "name": "auth",
  "version": "1.0.0",
  "lockfileVersion": 3,
  "requires": true,
  "packages": {
    "": {
      "name": "auth",
      "version": "1.0.0",
      "license": "ISC",
      "dependencies": {
        "middleware": "^1.0.0"
      }
    },
    "node_modules/middleware": {
      "version": "1.0.0",
      "resolved": "https://registry.npmjs.org/middleware/-/middleware-1.0.0.tgz",
      "integrity": "sha512-c3rqqJbL4fMsacWYc1Cgck/ohjVh6s9rwX8wb2BnJSdEwNguf8La0QukSEPAeAHKl8I9WrCnJOb70YgyNCCzjg=="
    }
  }
}
